
Microsoft Visual Studio Solution File, Format Version 12.00
Project("{FAE04EC0-301F-11D3-BF4B-00C04F79EFBC}") = "POO2", "POO2\POO2.csproj", "{322F2005-ABA4-484C-B7F3-8856209D94B0}"
EndProject
Global
	GlobalSection(SolutionConfigurationPlatforms) = preSolution
		Debug|Any CPU = Debug|Any CPU
		Release|Any CPU = Release|Any CPU
	EndGlobalSection
	GlobalSection(ProjectConfigurationPlatforms) = postSolution
		{322F2005-ABA4-484C-B7F3-8856209D94B0}.Debug|Any CPU.ActiveCfg = Debug|Any CPU
		{322F2005-ABA4-484C-B7F3-8856209D94B0}.Debug|Any CPU.Build.0 = Debug|Any CPU
		{322F2005-ABA4-484C-B7F3-8856209D94B0}.Release|Any CPU.ActiveCfg = Release|Any CPU
		{322F2005-ABA4-484C-B7F3-8856209D94B0}.Release|Any CPU.Build.0 = Release|Any CPU
	EndGlobalSection
EndGlobal
