
Microsoft Visual Studio Solution File, Format Version 12.00
Project("{FAE04EC0-301F-11D3-BF4B-00C04F79EFBC}") = "vetores", "vetores\vetores.csproj", "{0AF3D007-0952-49D9-9D38-E9D5E01466F6}"
EndProject
Global
	GlobalSection(SolutionConfigurationPlatforms) = preSolution
		Debug|Any CPU = Debug|Any CPU
		Release|Any CPU = Release|Any CPU
	EndGlobalSection
	GlobalSection(ProjectConfigurationPlatforms) = postSolution
		{0AF3D007-0952-49D9-9D38-E9D5E01466F6}.Debug|Any CPU.ActiveCfg = Debug|Any CPU
		{0AF3D007-0952-49D9-9D38-E9D5E01466F6}.Debug|Any CPU.Build.0 = Debug|Any CPU
		{0AF3D007-0952-49D9-9D38-E9D5E01466F6}.Release|Any CPU.ActiveCfg = Release|Any CPU
		{0AF3D007-0952-49D9-9D38-E9D5E01466F6}.Release|Any CPU.Build.0 = Release|Any CPU
	EndGlobalSection
EndGlobal
